
Microsoft Visual Studio Solution File, Format Version 12.00
# Visual Studio Version 17
VisualStudioVersion = 17.14.36119.2 d17.14
MinimumVisualStudioVersion = 10.0.40219.1
Project("{FAE04EC0-301F-11D3-BF4B-00C04F79EFBC}") = "KtAnim3", "KtAnim3.csproj", "{DCC4795E-4641-4EF8-8CB0-EACE4DDA3108}"
EndProject
Global
	GlobalSection(SolutionConfigurationPlatforms) = preSolution
		Debug|Any CPU = Debug|Any CPU
		Release|Any CPU = Release|Any CPU
	EndGlobalSection
	GlobalSection(ProjectConfigurationPlatforms) = postSolution
		{DCC4795E-4641-4EF8-8CB0-EACE4DDA3108}.Debug|Any CPU.ActiveCfg = Debug|Any CPU
		{DCC4795E-4641-4EF8-8CB0-EACE4DDA3108}.Debug|Any CPU.Build.0 = Debug|Any CPU
		{DCC4795E-4641-4EF8-8CB0-EACE4DDA3108}.Release|Any CPU.ActiveCfg = Release|Any CPU
		{DCC4795E-4641-4EF8-8CB0-EACE4DDA3108}.Release|Any CPU.Build.0 = Release|Any CPU
	EndGlobalSection
	GlobalSection(SolutionProperties) = preSolution
		HideSolutionNode = FALSE
	EndGlobalSection
	GlobalSection(ExtensibilityGlobals) = postSolution
		SolutionGuid = {A4B77F03-29D3-457C-BCB9-C8EB6C27770D}
	EndGlobalSection
EndGlobal
