
Microsoft Visual Studio Solution File, Format Version 12.00
# Visual Studio Version 17
VisualStudioVersion = 17.14.36119.2 d17.14
MinimumVisualStudioVersion = 10.0.40219.1
Project("{FAE04EC0-301F-11D3-BF4B-00C04F79EFBC}") = "KtAnim2", "KtAnim2.csproj", "{482829B5-FCD5-4DD8-9A0B-AAD83B32347A}"
EndProject
Global
	GlobalSection(SolutionConfigurationPlatforms) = preSolution
		Debug|Any CPU = Debug|Any CPU
		Release|Any CPU = Release|Any CPU
	EndGlobalSection
	GlobalSection(ProjectConfigurationPlatforms) = postSolution
		{482829B5-FCD5-4DD8-9A0B-AAD83B32347A}.Debug|Any CPU.ActiveCfg = Debug|Any CPU
		{482829B5-FCD5-4DD8-9A0B-AAD83B32347A}.Debug|Any CPU.Build.0 = Debug|Any CPU
		{482829B5-FCD5-4DD8-9A0B-AAD83B32347A}.Release|Any CPU.ActiveCfg = Release|Any CPU
		{482829B5-FCD5-4DD8-9A0B-AAD83B32347A}.Release|Any CPU.Build.0 = Release|Any CPU
	EndGlobalSection
	GlobalSection(SolutionProperties) = preSolution
		HideSolutionNode = FALSE
	EndGlobalSection
	GlobalSection(ExtensibilityGlobals) = postSolution
		SolutionGuid = {52DA8213-9C77-4DEB-88B3-132D4848F33D}
	EndGlobalSection
EndGlobal
